// !$*UTF8*$!
{
	archiveVersion = 1;
	classes = {
	};
	objectVersion = 50;
	objects = {

/* Begin PBXBuildFile section */
		B70AC8ED24DB1DE600D90D94 /* ExploreViewController.swift in Sources */ = {isa = PBXBuildFile; fileRef = B70AC8EC24DB1DE600D90D94 /* ExploreViewController.swift */; };
		B70E436C2579D24B005B63C5 /* ListPlantTableViewCell.swift in Sources */ = {isa = PBXBuildFile; fileRef = B70E436A2579D24B005B63C5 /* ListPlantTableViewCell.swift */; };
		B70E436D2579D24B005B63C5 /* ListPlantTableViewCell.xib in Resources */ = {isa = PBXBuildFile; fileRef = B70E436B2579D24B005B63C5 /* ListPlantTableViewCell.xib */; };
		B70F4C3B257DD4AB00FCA5B5 /* GardenViewController.swift in Sources */ = {isa = PBXBuildFile; fileRef = B70F4C3A257DD4AB00FCA5B5 /* GardenViewController.swift */; };
		B70F4C3E257DE91900FCA5B5 /* ArticleViewController.swift in Sources */ = {isa = PBXBuildFile; fileRef = B70F4C3D257DE91900FCA5B5 /* ArticleViewController.swift */; };
		B71013EC24DC8859002450EC /* Assets.xcassets in Resources */ = {isa = PBXBuildFile; fileRef = B7F6FBE924C330430020580C /* Assets.xcassets */; };
		B7AAC01D24F9FC6900621679 /* PlantTableViewCell.swift in Sources */ = {isa = PBXBuildFile; fileRef = B7AAC01B24F9FC6900621679 /* PlantTableViewCell.swift */; };
		B7AAC01E24F9FC6900621679 /* PlantTableViewCell.xib in Resources */ = {isa = PBXBuildFile; fileRef = B7AAC01C24F9FC6900621679 /* PlantTableViewCell.xib */; };
		B7AAC02124F9FEB300621679 /* TipTableViewCell.swift in Sources */ = {isa = PBXBuildFile; fileRef = B7AAC01F24F9FEB300621679 /* TipTableViewCell.swift */; };
		B7AAC02224F9FEB300621679 /* TipTableViewCell.xib in Resources */ = {isa = PBXBuildFile; fileRef = B7AAC02024F9FEB300621679 /* TipTableViewCell.xib */; };
		B7AAC02424FA051400621679 /* plantModel.swift in Sources */ = {isa = PBXBuildFile; fileRef = B7AAC02324FA051400621679 /* plantModel.swift */; };
		B7D14317256562E900BE1603 /* ARSceneViewController.swift in Sources */ = {isa = PBXBuildFile; fileRef = B7D14316256562E900BE1603 /* ARSceneViewController.swift */; };
		B7D143202565784800BE1603 /* SearchViewController.swift in Sources */ = {isa = PBXBuildFile; fileRef = B7D1431F2565784800BE1603 /* SearchViewController.swift */; };
		B7F6FBE124C3303F0020580C /* AppDelegate.swift in Sources */ = {isa = PBXBuildFile; fileRef = B7F6FBE024C3303F0020580C /* AppDelegate.swift */; };
		B7F6FBE324C3303F0020580C /* SceneDelegate.swift in Sources */ = {isa = PBXBuildFile; fileRef = B7F6FBE224C3303F0020580C /* SceneDelegate.swift */; };
		B7F6FBE524C3303F0020580C /* WizardViewController.swift in Sources */ = {isa = PBXBuildFile; fileRef = B7F6FBE424C3303F0020580C /* WizardViewController.swift */; };
		B7F6FBE824C3303F0020580C /* Main.storyboard in Resources */ = {isa = PBXBuildFile; fileRef = B7F6FBE624C3303F0020580C /* Main.storyboard */; };
		B7F6FBED24C330430020580C /* LaunchScreen.storyboard in Resources */ = {isa = PBXBuildFile; fileRef = B7F6FBEB24C330430020580C /* LaunchScreen.storyboard */; };
/* End PBXBuildFile section */

/* Begin PBXFileReference section */
		B70AC8EC24DB1DE600D90D94 /* ExploreViewController.swift */ = {isa = PBXFileReference; lastKnownFileType = sourcecode.swift; path = ExploreViewController.swift; sourceTree = "<group>"; };
		B70E436A2579D24B005B63C5 /* ListPlantTableViewCell.swift */ = {isa = PBXFileReference; lastKnownFileType = sourcecode.swift; path = ListPlantTableViewCell.swift; sourceTree = "<group>"; };
		B70E436B2579D24B005B63C5 /* ListPlantTableViewCell.xib */ = {isa = PBXFileReference; lastKnownFileType = file.xib; path = ListPlantTableViewCell.xib; sourceTree = "<group>"; };
		B70F4C3A257DD4AB00FCA5B5 /* GardenViewController.swift */ = {isa = PBXFileReference; lastKnownFileType = sourcecode.swift; path = GardenViewController.swift; sourceTree = "<group>"; };
		B70F4C3D257DE91900FCA5B5 /* ArticleViewController.swift */ = {isa = PBXFileReference; lastKnownFileType = sourcecode.swift; path = ArticleViewController.swift; sourceTree = "<group>"; };
		B7AAC01B24F9FC6900621679 /* PlantTableViewCell.swift */ = {isa = PBXFileReference; lastKnownFileType = sourcecode.swift; path = PlantTableViewCell.swift; sourceTree = "<group>"; };
		B7AAC01C24F9FC6900621679 /* PlantTableViewCell.xib */ = {isa = PBXFileReference; lastKnownFileType = file.xib; path = PlantTableViewCell.xib; sourceTree = "<group>"; };
		B7AAC01F24F9FEB300621679 /* TipTableViewCell.swift */ = {isa = PBXFileReference; lastKnownFileType = sourcecode.swift; path = TipTableViewCell.swift; sourceTree = "<group>"; };
		B7AAC02024F9FEB300621679 /* TipTableViewCell.xib */ = {isa = PBXFileReference; lastKnownFileType = file.xib; path = TipTableViewCell.xib; sourceTree = "<group>"; };
		B7AAC02324FA051400621679 /* plantModel.swift */ = {isa = PBXFileReference; lastKnownFileType = sourcecode.swift; path = plantModel.swift; sourceTree = "<group>"; };
		B7D14316256562E900BE1603 /* ARSceneViewController.swift */ = {isa = PBXFileReference; lastKnownFileType = sourcecode.swift; path = ARSceneViewController.swift; sourceTree = "<group>"; };
		B7D1431F2565784800BE1603 /* SearchViewController.swift */ = {isa = PBXFileReference; lastKnownFileType = sourcecode.swift; path = SearchViewController.swift; sourceTree = "<group>"; };
		B7F6FBDD24C3303E0020580C /* Rindang.app */ = {isa = PBXFileReference; explicitFileType = wrapper.application; includeInIndex = 0; path = Rindang.app; sourceTree = BUILT_PRODUCTS_DIR; };
		B7F6FBE024C3303F0020580C /* AppDelegate.swift */ = {isa = PBXFileReference; lastKnownFileType = sourcecode.swift; path = AppDelegate.swift; sourceTree = "<group>"; };
		B7F6FBE224C3303F0020580C /* SceneDelegate.swift */ = {isa = PBXFileReference; lastKnownFileType = sourcecode.swift; path = SceneDelegate.swift; sourceTree = "<group>"; };
		B7F6FBE424C3303F0020580C /* WizardViewController.swift */ = {isa = PBXFileReference; lastKnownFileType = sourcecode.swift; path = WizardViewController.swift; sourceTree = "<group>"; };
		B7F6FBE724C3303F0020580C /* Base */ = {isa = PBXFileReference; lastKnownFileType = file.storyboard; name = Base; path = Base.lproj/Main.storyboard; sourceTree = "<group>"; };
		B7F6FBE924C330430020580C /* Assets.xcassets */ = {isa = PBXFileReference; lastKnownFileType = folder.assetcatalog; path = Assets.xcassets; sourceTree = "<group>"; };
		B7F6FBEC24C330430020580C /* Base */ = {isa = PBXFileReference; lastKnownFileType = file.storyboard; name = Base; path = Base.lproj/LaunchScreen.storyboard; sourceTree = "<group>"; };
		B7F6FBEE24C330430020580C /* Info.plist */ = {isa = PBXFileReference; lastKnownFileType = text.plist.xml; path = Info.plist; sourceTree = "<group>"; };
/* End PBXFileReference section */

/* Begin PBXFrameworksBuildPhase section */
		B7F6FBDA24C3303E0020580C /* Frameworks */ = {
			isa = PBXFrameworksBuildPhase;
			buildActionMask = 2147483647;
			files = (
			);
			runOnlyForDeploymentPostprocessing = 0;
		};
/* End PBXFrameworksBuildPhase section */

/* Begin PBXGroup section */
		B70AC8E524DB189D00D90D94 /* Model */ = {
			isa = PBXGroup;
			children = (
				B7AAC02324FA051400621679 /* plantModel.swift */,
			);
			path = Model;
			sourceTree = "<group>";
		};
		B70AC8E624DB18A400D90D94 /* View */ = {
			isa = PBXGroup;
			children = (
				B7F6FBE624C3303F0020580C /* Main.storyboard */,
				B7AAC01B24F9FC6900621679 /* PlantTableViewCell.swift */,
				B7AAC01C24F9FC6900621679 /* PlantTableViewCell.xib */,
				B7AAC01F24F9FEB300621679 /* TipTableViewCell.swift */,
				B7AAC02024F9FEB300621679 /* TipTableViewCell.xib */,
				B70E436A2579D24B005B63C5 /* ListPlantTableViewCell.swift */,
				B70E436B2579D24B005B63C5 /* ListPlantTableViewCell.xib */,
			);
			path = View;
			sourceTree = "<group>";
		};
		B70AC8E724DB18B300D90D94 /* Controller */ = {
			isa = PBXGroup;
			children = (
				B7F6FBE424C3303F0020580C /* WizardViewController.swift */,
				B70AC8EC24DB1DE600D90D94 /* ExploreViewController.swift */,
				B7D14316256562E900BE1603 /* ARSceneViewController.swift */,
				B7D1431F2565784800BE1603 /* SearchViewController.swift */,
				B70F4C3A257DD4AB00FCA5B5 /* GardenViewController.swift */,
				B70F4C3D257DE91900FCA5B5 /* ArticleViewController.swift */,
			);
			name = Controller;
			sourceTree = "<group>";
		};
		B7F6FBD424C3303E0020580C = {
			isa = PBXGroup;
			children = (
				B7F6FBDF24C3303F0020580C /* Rindang */,
				B7F6FBDE24C3303E0020580C /* Products */,
			);
			sourceTree = "<group>";
		};
		B7F6FBDE24C3303E0020580C /* Products */ = {
			isa = PBXGroup;
			children = (
				B7F6FBDD24C3303E0020580C /* Rindang.app */,
			);
			name = Products;
			sourceTree = "<group>";
		};
		B7F6FBDF24C3303F0020580C /* Rindang */ = {
			isa = PBXGroup;
			children = (
				B70AC8E724DB18B300D90D94 /* Controller */,
				B70AC8E624DB18A400D90D94 /* View */,
				B70AC8E524DB189D00D90D94 /* Model */,
				B7F6FBE024C3303F0020580C /* AppDelegate.swift */,
				B7F6FBE224C3303F0020580C /* SceneDelegate.swift */,
				B7F6FBE924C330430020580C /* Assets.xcassets */,
				B7F6FBEB24C330430020580C /* LaunchScreen.storyboard */,
				B7F6FBEE24C330430020580C /* Info.plist */,
			);
			path = Rindang;
			sourceTree = "<group>";
		};
/* End PBXGroup section */

/* Begin PBXNativeTarget section */
		B7F6FBDC24C3303E0020580C /* Rindang */ = {
			isa = PBXNativeTarget;
			buildConfigurationList = B7F6FBF124C330430020580C /* Build configuration list for PBXNativeTarget "Rindang" */;
			buildPhases = (
				B7F6FBD924C3303E0020580C /* Sources */,
				B7F6FBDA24C3303E0020580C /* Frameworks */,
				B7F6FBDB24C3303E0020580C /* Resources */,
			);
			buildRules = (
			);
			dependencies = (
			);
			name = Rindang;
			productName = Rindang;
			productReference = B7F6FBDD24C3303E0020580C /* Rindang.app */;
			productType = "com.apple.product-type.application";
		};
/* End PBXNativeTarget section */

/* Begin PBXProject section */
		B7F6FBD524C3303E0020580C /* Project object */ = {
			isa = PBXProject;
			attributes = {
				LastSwiftUpdateCheck = 1160;
				LastUpgradeCheck = 1160;
				ORGANIZATIONNAME = "Aldino Grasepta";
				TargetAttributes = {
					B7F6FBDC24C3303E0020580C = {
						CreatedOnToolsVersion = 11.6;
					};
				};
			};
			buildConfigurationList = B7F6FBD824C3303E0020580C /* Build configuration list for PBXProject "Rindang" */;
			compatibilityVersion = "Xcode 9.3";
			developmentRegion = en;
			hasScannedForEncodings = 0;
			knownRegions = (
				en,
				Base,
			);
			mainGroup = B7F6FBD424C3303E0020580C;
			productRefGroup = B7F6FBDE24C3303E0020580C /* Products */;
			projectDirPath = "";
			projectRoot = "";
			targets = (
				B7F6FBDC24C3303E0020580C /* Rindang */,
			);
		};
/* End PBXProject section */

/* Begin PBXResourcesBuildPhase section */
		B7F6FBDB24C3303E0020580C /* Resources */ = {
			isa = PBXResourcesBuildPhase;
			buildActionMask = 2147483647;
			files = (
				B71013EC24DC8859002450EC /* Assets.xcassets in Resources */,
				B7AAC02224F9FEB300621679 /* TipTableViewCell.xib in Resources */,
				B7AAC01E24F9FC6900621679 /* PlantTableViewCell.xib in Resources */,
				B7F6FBED24C330430020580C /* LaunchScreen.storyboard in Resources */,
				B7F6FBE824C3303F0020580C /* Main.storyboard in Resources */,
				B70E436D2579D24B005B63C5 /* ListPlantTableViewCell.xib in Resources */,
			);
			runOnlyForDeploymentPostprocessing = 0;
		};
/* End PBXResourcesBuildPhase section */

/* Begin PBXSourcesBuildPhase section */
		B7F6FBD924C3303E0020580C /* Sources */ = {
			isa = PBXSourcesBuildPhase;
			buildActionMask = 2147483647;
			files = (
				B7AAC02124F9FEB300621679 /* TipTableViewCell.swift in Sources */,
				B70F4C3E257DE91900FCA5B5 /* ArticleViewController.swift in Sources */,
				B70AC8ED24DB1DE600D90D94 /* ExploreViewController.swift in Sources */,
				B7AAC01D24F9FC6900621679 /* PlantTableViewCell.swift in Sources */,
				B7D143202565784800BE1603 /* SearchViewController.swift in Sources */,
				B7F6FBE524C3303F0020580C /* WizardViewController.swift in Sources */,
				B7F6FBE124C3303F0020580C /* AppDelegate.swift in Sources */,
				B7F6FBE324C3303F0020580C /* SceneDelegate.swift in Sources */,
				B7D14317256562E900BE1603 /* ARSceneViewController.swift in Sources */,
				B70F4C3B257DD4AB00FCA5B5 /* GardenViewController.swift in Sources */,
				B7AAC02424FA051400621679 /* plantModel.swift in Sources */,
				B70E436C2579D24B005B63C5 /* ListPlantTableViewCell.swift in Sources */,
			);
			runOnlyForDeploymentPostprocessing = 0;
		};
/* End PBXSourcesBuildPhase section */

/* Begin PBXVariantGroup section */
		B7F6FBE624C3303F0020580C /* Main.storyboard */ = {
			isa = PBXVariantGroup;
			children = (
				B7F6FBE724C3303F0020580C /* Base */,
			);
			name = Main.storyboard;
			sourceTree = "<group>";
		};
		B7F6FBEB24C330430020580C /* LaunchScreen.storyboard */ = {
			isa = PBXVariantGroup;
			children = (
				B7F6FBEC24C330430020580C /* Base */,
			);
			name = LaunchScreen.storyboard;
			sourceTree = "<group>";
		};
/* End PBXVariantGroup section */

/* Begin XCBuildConfiguration section */
		B7F6FBEF24C330430020580C /* Debug */ = {
			isa = XCBuildConfiguration;
			buildSettings = {
				ALWAYS_SEARCH_USER_PATHS = NO;
				CLANG_ANALYZER_NONNULL = YES;
				CLANG_ANALYZER_NUMBER_OBJECT_CONVERSION = YES_AGGRESSIVE;
				CLANG_CXX_LANGUAGE_STANDARD = "gnu++14";
				CLANG_CXX_LIBRARY = "libc++";
				CLANG_ENABLE_MODULES = YES;
				CLANG_ENABLE_OBJC_ARC = YES;
				CLANG_ENABLE_OBJC_WEAK = YES;
				CLANG_WARN_BLOCK_CAPTURE_AUTORELEASING = YES;
				CLANG_WARN_BOOL_CONVERSION = YES;
				CLANG_WARN_COMMA = YES;
				CLANG_WARN_CONSTANT_CONVERSION = YES;
				CLANG_WARN_DEPRECATED_OBJC_IMPLEMENTATIONS = YES;
				CLANG_WARN_DIRECT_OBJC_ISA_USAGE = YES_ERROR;
				CLANG_WARN_DOCUMENTATION_COMMENTS = YES;
				CLANG_WARN_EMPTY_BODY = YES;
				CLANG_WARN_ENUM_CONVERSION = YES;
				CLANG_WARN_INFINITE_RECURSION = YES;
				CLANG_WARN_INT_CONVERSION = YES;
				CLANG_WARN_NON_LITERAL_NULL_CONVERSION = YES;
				CLANG_WARN_OBJC_IMPLICIT_RETAIN_SELF = YES;
				CLANG_WARN_OBJC_LITERAL_CONVERSION = YES;
				CLANG_WARN_OBJC_ROOT_CLASS = YES_ERROR;
				CLANG_WARN_RANGE_LOOP_ANALYSIS = YES;
				CLANG_WARN_STRICT_PROTOTYPES = YES;
				CLANG_WARN_SUSPICIOUS_MOVE = YES;
				CLANG_WARN_UNGUARDED_AVAILABILITY = YES_AGGRESSIVE;
				CLANG_WARN_UNREACHABLE_CODE = YES;
				CLANG_WARN__DUPLICATE_METHOD_MATCH = YES;
				COPY_PHASE_STRIP = NO;
				DEBUG_INFORMATION_FORMAT = dwarf;
				ENABLE_STRICT_OBJC_MSGSEND = YES;
				ENABLE_TESTABILITY = YES;
				GCC_C_LANGUAGE_STANDARD = gnu11;
				GCC_DYNAMIC_NO_PIC = NO;
				GCC_NO_COMMON_BLOCKS = YES;
				GCC_OPTIMIZATION_LEVEL = 0;
				GCC_PREPROCESSOR_DEFINITIONS = (
					"DEBUG=1",
					"$(inherited)",
				);
				GCC_WARN_64_TO_32_BIT_CONVERSION = YES;
				GCC_WARN_ABOUT_RETURN_TYPE = YES_ERROR;
				GCC_WARN_UNDECLARED_SELECTOR = YES;
				GCC_WARN_UNINITIALIZED_AUTOS = YES_AGGRESSIVE;
				GCC_WARN_UNUSED_FUNCTION = YES;
				GCC_WARN_UNUSED_VARIABLE = YES;
				IPHONEOS_DEPLOYMENT_TARGET = 13.6;
				MTL_ENABLE_DEBUG_INFO = INCLUDE_SOURCE;
				MTL_FAST_MATH = YES;
				ONLY_ACTIVE_ARCH = YES;
				SDKROOT = iphoneos;
				SWIFT_ACTIVE_COMPILATION_CONDITIONS = DEBUG;
				SWIFT_OPTIMIZATION_LEVEL = "-Onone";
			};
			name = Debug;
		};
		B7F6FBF024C330430020580C /* Release */ = {
			isa = XCBuildConfiguration;
			buildSettings = {
				ALWAYS_SEARCH_USER_PATHS = NO;
				CLANG_ANALYZER_NONNULL = YES;
				CLANG_ANALYZER_NUMBER_OBJECT_CONVERSION = YES_AGGRESSIVE;
				CLANG_CXX_LANGUAGE_STANDARD = "gnu++14";
				CLANG_CXX_LIBRARY = "libc++";
				CLANG_ENABLE_MODULES = YES;
				CLANG_ENABLE_OBJC_ARC = YES;
				CLANG_ENABLE_OBJC_WEAK = YES;
				CLANG_WARN_BLOCK_CAPTURE_AUTORELEASING = YES;
				CLANG_WARN_BOOL_CONVERSION = YES;
				CLANG_WARN_COMMA = YES;
				CLANG_WARN_CONSTANT_CONVERSION = YES;
				CLANG_WARN_DEPRECATED_OBJC_IMPLEMENTATIONS = YES;
				CLANG_WARN_DIRECT_OBJC_ISA_USAGE = YES_ERROR;
				CLANG_WARN_DOCUMENTATION_COMMENTS = YES;
				CLANG_WARN_EMPTY_BODY = YES;
				CLANG_WARN_ENUM_CONVERSION = YES;
				CLANG_WARN_INFINITE_RECURSION = YES;
				CLANG_WARN_INT_CONVERSION = YES;
				CLANG_WARN_NON_LITERAL_NULL_CONVERSION = YES;
				CLANG_WARN_OBJC_IMPLICIT_RETAIN_SELF = YES;
				CLANG_WARN_OBJC_LITERAL_CONVERSION = YES;
				CLANG_WARN_OBJC_ROOT_CLASS = YES_ERROR;
				CLANG_WARN_RANGE_LOOP_ANALYSIS = YES;
				CLANG_WARN_STRICT_PROTOTYPES = YES;
				CLANG_WARN_SUSPICIOUS_MOVE = YES;
				CLANG_WARN_UNGUARDED_AVAILABILITY = YES_AGGRESSIVE;
				CLANG_WARN_UNREACHABLE_CODE = YES;
				CLANG_WARN__DUPLICATE_METHOD_MATCH = YES;
				COPY_PHASE_STRIP = NO;
				DEBUG_INFORMATION_FORMAT = "dwarf-with-dsym";
				ENABLE_NS_ASSERTIONS = NO;
				ENABLE_STRICT_OBJC_MSGSEND = YES;
				GCC_C_LANGUAGE_STANDARD = gnu11;
				GCC_NO_COMMON_BLOCKS = YES;
				GCC_WARN_64_TO_32_BIT_CONVERSION = YES;
				GCC_WARN_ABOUT_RETURN_TYPE = YES_ERROR;
				GCC_WARN_UNDECLARED_SELECTOR = YES;
				GCC_WARN_UNINITIALIZED_AUTOS = YES_AGGRESSIVE;
				GCC_WARN_UNUSED_FUNCTION = YES;
				GCC_WARN_UNUSED_VARIABLE = YES;
				IPHONEOS_DEPLOYMENT_TARGET = 13.6;
				MTL_ENABLE_DEBUG_INFO = NO;
				MTL_FAST_MATH = YES;
				SDKROOT = iphoneos;
				SWIFT_COMPILATION_MODE = wholemodule;
				SWIFT_OPTIMIZATION_LEVEL = "-O";
				VALIDATE_PRODUCT = YES;
			};
			name = Release;
		};
		B7F6FBF224C330430020580C /* Debug */ = {
			isa = XCBuildConfiguration;
			buildSettings = {
				ASSETCATALOG_COMPILER_APPICON_NAME = AppIcon;
				CODE_SIGN_STYLE = Automatic;
				DEVELOPMENT_TEAM = TDW74H22G3;
				INFOPLIST_FILE = Rindang/Info.plist;
				LD_RUNPATH_SEARCH_PATHS = (
					"$(inherited)",
					"@executable_path/Frameworks",
				);
				PRODUCT_BUNDLE_IDENTIFIER = Grasepta.Rindang;
				PRODUCT_NAME = "$(TARGET_NAME)";
				SWIFT_VERSION = 5.0;
				TARGETED_DEVICE_FAMILY = "1,2";
			};
			name = Debug;
		};
		B7F6FBF324C330430020580C /* Release */ = {
			isa = XCBuildConfiguration;
			buildSettings = {
				ASSETCATALOG_COMPILER_APPICON_NAME = AppIcon;
				CODE_SIGN_STYLE = Automatic;
				DEVELOPMENT_TEAM = TDW74H22G3;
				INFOPLIST_FILE = Rindang/Info.plist;
				LD_RUNPATH_SEARCH_PATHS = (
					"$(inherited)",
					"@executable_path/Frameworks",
				);
				PRODUCT_BUNDLE_IDENTIFIER = Grasepta.Rindang;
				PRODUCT_NAME = "$(TARGET_NAME)";
				SWIFT_VERSION = 5.0;
				TARGETED_DEVICE_FAMILY = "1,2";
			};
			name = Release;
		};
/* End XCBuildConfiguration section */

/* Begin XCConfigurationList section */
		B7F6FBD824C3303E0020580C /* Build configuration list for PBXProject "Rindang" */ = {
			isa = XCConfigurationList;
			buildConfigurations = (
				B7F6FBEF24C330430020580C /* Debug */,
				B7F6FBF024C330430020580C /* Release */,
			);
			defaultConfigurationIsVisible = 0;
			defaultConfigurationName = Release;
		};
		B7F6FBF124C330430020580C /* Build configuration list for PBXNativeTarget "Rindang" */ = {
			isa = XCConfigurationList;
			buildConfigurations = (
				B7F6FBF224C330430020580C /* Debug */,
				B7F6FBF324C330430020580C /* Release */,
			);
			defaultConfigurationIsVisible = 0;
			defaultConfigurationName = Release;
		};
/* End XCConfigurationList section */
	};
	rootObject = B7F6FBD524C3303E0020580C /* Project object */;
}
